{
  "pins" : [
    {
      "identity" : "finniverskit",
      "kind" : "remoteSourceControl",
      "location" : "https://github.com/finn-no/FinniversKit.git",
      "state" : {
        "branch" : "tori-colors",
        "revision" : "3ea5100eb8d3589b9540d6037e67e51f0a5ad589"
      }
    },
    {
      "identity" : "swift-snapshot-testing",
      "kind" : "remoteSourceControl",
      "location" : "https://github.com/pointfreeco/swift-snapshot-testing.git",
      "state" : {
        "revision" : "f29e2014f6230cf7d5138fc899da51c7f513d467",
        "version" : "1.10.0"
      }
    }
  ],
  "version" : 2
}
