{
  "object": {
    "pins": [
      {
        "package": "FinniversKit",
        "repositoryURL": "https://github.com/finn-no/FinniversKit.git",
        "state": {
          "branch": null,
          "revision": "0235727d2c41a228e712ad3a2babc62a4430bd8d",
          "version": "76.0.0"
        }
      },
      {
        "package": "SnapshotTesting",
        "repositoryURL": "https://github.com/pointfreeco/swift-snapshot-testing.git",
        "state": {
          "branch": null,
          "revision": "f8a9c997c3c1dab4e216a8ec9014e23144cbab37",
          "version": "1.9.0"
        }
      }
    ]
  },
  "version": 1
}
