{
  "object": {
    "pins": [
      {
        "package": "FinniversKit",
        "repositoryURL": "https://github.com/finn-no/FinniversKit.git",
        "state": {
          "branch": null,
          "revision": "9dd17a57ed36f8842abb8c5d49c2e9b08e8c0b3f",
          "version": "96.0.2"
        }
      }
    ]
  },
  "version": 1
}
