PODS:
  - FinniversKit (0.6.0):
    - FinniversKit/DNA (= 0.6.0)
  - FinniversKit/DNA (0.6.0)
  - HockeySDK/AllFeaturesLib (5.1.4)

DEPENDENCIES:
  - FinniversKit (from `https://github.com/finn-no/FinniversKit.git`, branch `master`)
  - HockeySDK/AllFeaturesLib (= 5.1.4)

SPEC REPOS:
  https://github.com/cocoapods/specs.git:
    - HockeySDK

EXTERNAL SOURCES:
  FinniversKit:
    :branch: master
    :git: https://github.com/finn-no/FinniversKit.git

CHECKOUT OPTIONS:
  FinniversKit:
    :commit: 3041dcbd4f3131b77f3d0c0491dfa0cfa1d5fe31
    :git: https://github.com/finn-no/FinniversKit.git

SPEC CHECKSUMS:
  FinniversKit: 040b21cb55e16e890dfb871f4deb8a3407b7df5e
  HockeySDK: 15afe6bc0a5bfe3a531fd73dbf082095f37dac3b

PODFILE CHECKSUM: 85bdbcd7be6dd61674994953b5053b42843fabef

COCOAPODS: 1.6.0.rc.2
